// !$*UTF8*$!
{
	archiveVersion = 1;
	classes = {
	};
	objectVersion = 50;
	objects = {

/* Begin PBXBuildFile section */
		185C0EAB23AB1D57001723F9 /* AppDelegate.swift in Sources */ = {isa = PBXBuildFile; fileRef = 185C0EAA23AB1D57001723F9 /* AppDelegate.swift */; };
		185C0EAD23AB1D57001723F9 /* SceneDelegate.swift in Sources */ = {isa = PBXBuildFile; fileRef = 185C0EAC23AB1D57001723F9 /* SceneDelegate.swift */; };
		185C0EAF23AB1D57001723F9 /* ViewController.swift in Sources */ = {isa = PBXBuildFile; fileRef = 185C0EAE23AB1D57001723F9 /* ViewController.swift */; };
		185C0EB223AB1D57001723F9 /* Main.storyboard in Resources */ = {isa = PBXBuildFile; fileRef = 185C0EB023AB1D57001723F9 /* Main.storyboard */; };
		185C0EB423AB1D5C001723F9 /* Assets.xcassets in Resources */ = {isa = PBXBuildFile; fileRef = 185C0EB323AB1D5C001723F9 /* Assets.xcassets */; };
		185C0EB723AB1D5C001723F9 /* LaunchScreen.storyboard in Resources */ = {isa = PBXBuildFile; fileRef = 185C0EB523AB1D5C001723F9 /* LaunchScreen.storyboard */; };
		185C0EC723AB1DE7001723F9 /* OtherTarget.h in Headers */ = {isa = PBXBuildFile; fileRef = 185C0EC523AB1DE7001723F9 /* OtherTarget.h */; settings = {ATTRIBUTES = (Public, ); }; };
		185C0ECA23AB1DE7001723F9 /* OtherTarget.framework in Frameworks */ = {isa = PBXBuildFile; fileRef = 185C0EC323AB1DE7001723F9 /* OtherTarget.framework */; };
		185C0ECB23AB1DE7001723F9 /* OtherTarget.framework in Embed Frameworks */ = {isa = PBXBuildFile; fileRef = 185C0EC323AB1DE7001723F9 /* OtherTarget.framework */; settings = {ATTRIBUTES = (CodeSignOnCopy, RemoveHeadersOnCopy, ); }; };
		185C0ED123AB1DFC001723F9 /* Human.swift in Sources */ = {isa = PBXBuildFile; fileRef = 185C0ED023AB1DFC001723F9 /* Human.swift */; };
		185C0ED323AB1E83001723F9 /* Teacher.swift in Sources */ = {isa = PBXBuildFile; fileRef = 185C0ED223AB1E83001723F9 /* Teacher.swift */; };
/* End PBXBuildFile section */

/* Begin PBXContainerItemProxy section */
		185C0EC823AB1DE7001723F9 /* PBXContainerItemProxy */ = {
			isa = PBXContainerItemProxy;
			containerPortal = 185C0E9F23AB1D57001723F9 /* Project object */;
			proxyType = 1;
			remoteGlobalIDString = 185C0EC223AB1DE7001723F9;
			remoteInfo = OtherTarget;
		};
/* End PBXContainerItemProxy section */

/* Begin PBXCopyFilesBuildPhase section */
		185C0ECF23AB1DE7001723F9 /* Embed Frameworks */ = {
			isa = PBXCopyFilesBuildPhase;
			buildActionMask = 2147483647;
			dstPath = "";
			dstSubfolderSpec = 10;
			files = (
				185C0ECB23AB1DE7001723F9 /* OtherTarget.framework in Embed Frameworks */,
			);
			name = "Embed Frameworks";
			runOnlyForDeploymentPostprocessing = 0;
		};
/* End PBXCopyFilesBuildPhase section */

/* Begin PBXFileReference section */
		185C0EA723AB1D57001723F9 /* swiftOther.app */ = {isa = PBXFileReference; explicitFileType = wrapper.application; includeInIndex = 0; path = swiftOther.app; sourceTree = BUILT_PRODUCTS_DIR; };
		185C0EAA23AB1D57001723F9 /* AppDelegate.swift */ = {isa = PBXFileReference; lastKnownFileType = sourcecode.swift; path = AppDelegate.swift; sourceTree = "<group>"; };
		185C0EAC23AB1D57001723F9 /* SceneDelegate.swift */ = {isa = PBXFileReference; lastKnownFileType = sourcecode.swift; path = SceneDelegate.swift; sourceTree = "<group>"; };
		185C0EAE23AB1D57001723F9 /* ViewController.swift */ = {isa = PBXFileReference; lastKnownFileType = sourcecode.swift; path = ViewController.swift; sourceTree = "<group>"; };
		185C0EB123AB1D57001723F9 /* Base */ = {isa = PBXFileReference; lastKnownFileType = file.storyboard; name = Base; path = Base.lproj/Main.storyboard; sourceTree = "<group>"; };
		185C0EB323AB1D5C001723F9 /* Assets.xcassets */ = {isa = PBXFileReference; lastKnownFileType = folder.assetcatalog; path = Assets.xcassets; sourceTree = "<group>"; };
		185C0EB623AB1D5C001723F9 /* Base */ = {isa = PBXFileReference; lastKnownFileType = file.storyboard; name = Base; path = Base.lproj/LaunchScreen.storyboard; sourceTree = "<group>"; };
		185C0EB823AB1D5C001723F9 /* Info.plist */ = {isa = PBXFileReference; lastKnownFileType = text.plist.xml; path = Info.plist; sourceTree = "<group>"; };
		185C0EC323AB1DE7001723F9 /* OtherTarget.framework */ = {isa = PBXFileReference; explicitFileType = wrapper.framework; includeInIndex = 0; path = OtherTarget.framework; sourceTree = BUILT_PRODUCTS_DIR; };
		185C0EC523AB1DE7001723F9 /* OtherTarget.h */ = {isa = PBXFileReference; lastKnownFileType = sourcecode.c.h; path = OtherTarget.h; sourceTree = "<group>"; };
		185C0EC623AB1DE7001723F9 /* Info.plist */ = {isa = PBXFileReference; lastKnownFileType = text.plist.xml; path = Info.plist; sourceTree = "<group>"; };
		185C0ED023AB1DFC001723F9 /* Human.swift */ = {isa = PBXFileReference; lastKnownFileType = sourcecode.swift; path = Human.swift; sourceTree = "<group>"; };
		185C0ED223AB1E83001723F9 /* Teacher.swift */ = {isa = PBXFileReference; lastKnownFileType = sourcecode.swift; path = Teacher.swift; sourceTree = "<group>"; };
/* End PBXFileReference section */

/* Begin PBXFrameworksBuildPhase section */
		185C0EA423AB1D57001723F9 /* Frameworks */ = {
			isa = PBXFrameworksBuildPhase;
			buildActionMask = 2147483647;
			files = (
				185C0ECA23AB1DE7001723F9 /* OtherTarget.framework in Frameworks */,
			);
			runOnlyForDeploymentPostprocessing = 0;
		};
		185C0EC023AB1DE7001723F9 /* Frameworks */ = {
			isa = PBXFrameworksBuildPhase;
			buildActionMask = 2147483647;
			files = (
			);
			runOnlyForDeploymentPostprocessing = 0;
		};
/* End PBXFrameworksBuildPhase section */

/* Begin PBXGroup section */
		185C0E9E23AB1D57001723F9 = {
			isa = PBXGroup;
			children = (
				185C0EA923AB1D57001723F9 /* swiftOther */,
				185C0EC423AB1DE7001723F9 /* OtherTarget */,
				185C0EA823AB1D57001723F9 /* Products */,
			);
			sourceTree = "<group>";
		};
		185C0EA823AB1D57001723F9 /* Products */ = {
			isa = PBXGroup;
			children = (
				185C0EA723AB1D57001723F9 /* swiftOther.app */,
				185C0EC323AB1DE7001723F9 /* OtherTarget.framework */,
			);
			name = Products;
			sourceTree = "<group>";
		};
		185C0EA923AB1D57001723F9 /* swiftOther */ = {
			isa = PBXGroup;
			children = (
				185C0EAA23AB1D57001723F9 /* AppDelegate.swift */,
				185C0EAC23AB1D57001723F9 /* SceneDelegate.swift */,
				185C0EAE23AB1D57001723F9 /* ViewController.swift */,
				185C0EB023AB1D57001723F9 /* Main.storyboard */,
				185C0EB323AB1D5C001723F9 /* Assets.xcassets */,
				185C0EB523AB1D5C001723F9 /* LaunchScreen.storyboard */,
				185C0EB823AB1D5C001723F9 /* Info.plist */,
			);
			path = swiftOther;
			sourceTree = "<group>";
		};
		185C0EC423AB1DE7001723F9 /* OtherTarget */ = {
			isa = PBXGroup;
			children = (
				185C0EC523AB1DE7001723F9 /* OtherTarget.h */,
				185C0EC623AB1DE7001723F9 /* Info.plist */,
				185C0ED023AB1DFC001723F9 /* Human.swift */,
				185C0ED223AB1E83001723F9 /* Teacher.swift */,
			);
			path = OtherTarget;
			sourceTree = "<group>";
		};
/* End PBXGroup section */

/* Begin PBXHeadersBuildPhase section */
		185C0EBE23AB1DE7001723F9 /* Headers */ = {
			isa = PBXHeadersBuildPhase;
			buildActionMask = 2147483647;
			files = (
				185C0EC723AB1DE7001723F9 /* OtherTarget.h in Headers */,
			);
			runOnlyForDeploymentPostprocessing = 0;
		};
/* End PBXHeadersBuildPhase section */

/* Begin PBXNativeTarget section */
		185C0EA623AB1D57001723F9 /* swiftOther */ = {
			isa = PBXNativeTarget;
			buildConfigurationList = 185C0EBB23AB1D5C001723F9 /* Build configuration list for PBXNativeTarget "swiftOther" */;
			buildPhases = (
				185C0EA323AB1D57001723F9 /* Sources */,
				185C0EA423AB1D57001723F9 /* Frameworks */,
				185C0EA523AB1D57001723F9 /* Resources */,
				185C0ECF23AB1DE7001723F9 /* Embed Frameworks */,
			);
			buildRules = (
			);
			dependencies = (
				185C0EC923AB1DE7001723F9 /* PBXTargetDependency */,
			);
			name = swiftOther;
			productName = swiftOther;
			productReference = 185C0EA723AB1D57001723F9 /* swiftOther.app */;
			productType = "com.apple.product-type.application";
		};
		185C0EC223AB1DE7001723F9 /* OtherTarget */ = {
			isa = PBXNativeTarget;
			buildConfigurationList = 185C0ECC23AB1DE7001723F9 /* Build configuration list for PBXNativeTarget "OtherTarget" */;
			buildPhases = (
				185C0EBE23AB1DE7001723F9 /* Headers */,
				185C0EBF23AB1DE7001723F9 /* Sources */,
				185C0EC023AB1DE7001723F9 /* Frameworks */,
				185C0EC123AB1DE7001723F9 /* Resources */,
			);
			buildRules = (
			);
			dependencies = (
			);
			name = OtherTarget;
			productName = OtherTarget;
			productReference = 185C0EC323AB1DE7001723F9 /* OtherTarget.framework */;
			productType = "com.apple.product-type.framework";
		};
/* End PBXNativeTarget section */

/* Begin PBXProject section */
		185C0E9F23AB1D57001723F9 /* Project object */ = {
			isa = PBXProject;
			attributes = {
				LastSwiftUpdateCheck = 1110;
				LastUpgradeCheck = 1110;
				ORGANIZATIONNAME = "Northeast Electric Power University";
				TargetAttributes = {
					185C0EA623AB1D57001723F9 = {
						CreatedOnToolsVersion = 11.1;
					};
					185C0EC223AB1DE7001723F9 = {
						CreatedOnToolsVersion = 11.1;
						LastSwiftMigration = 1110;
					};
				};
			};
			buildConfigurationList = 185C0EA223AB1D57001723F9 /* Build configuration list for PBXProject "swiftOther" */;
			compatibilityVersion = "Xcode 9.3";
			developmentRegion = en;
			hasScannedForEncodings = 0;
			knownRegions = (
				en,
				Base,
			);
			mainGroup = 185C0E9E23AB1D57001723F9;
			productRefGroup = 185C0EA823AB1D57001723F9 /* Products */;
			projectDirPath = "";
			projectRoot = "";
			targets = (
				185C0EA623AB1D57001723F9 /* swiftOther */,
				185C0EC223AB1DE7001723F9 /* OtherTarget */,
			);
		};
/* End PBXProject section */

/* Begin PBXResourcesBuildPhase section */
		185C0EA523AB1D57001723F9 /* Resources */ = {
			isa = PBXResourcesBuildPhase;
			buildActionMask = 2147483647;
			files = (
				185C0EB723AB1D5C001723F9 /* LaunchScreen.storyboard in Resources */,
				185C0EB423AB1D5C001723F9 /* Assets.xcassets in Resources */,
				185C0EB223AB1D57001723F9 /* Main.storyboard in Resources */,
			);
			runOnlyForDeploymentPostprocessing = 0;
		};
		185C0EC123AB1DE7001723F9 /* Resources */ = {
			isa = PBXResourcesBuildPhase;
			buildActionMask = 2147483647;
			files = (
			);
			runOnlyForDeploymentPostprocessing = 0;
		};
/* End PBXResourcesBuildPhase section */

/* Begin PBXSourcesBuildPhase section */
		185C0EA323AB1D57001723F9 /* Sources */ = {
			isa = PBXSourcesBuildPhase;
			buildActionMask = 2147483647;
			files = (
				185C0EAF23AB1D57001723F9 /* ViewController.swift in Sources */,
				185C0EAB23AB1D57001723F9 /* AppDelegate.swift in Sources */,
				185C0EAD23AB1D57001723F9 /* SceneDelegate.swift in Sources */,
			);
			runOnlyForDeploymentPostprocessing = 0;
		};
		185C0EBF23AB1DE7001723F9 /* Sources */ = {
			isa = PBXSourcesBuildPhase;
			buildActionMask = 2147483647;
			files = (
				185C0ED323AB1E83001723F9 /* Teacher.swift in Sources */,
				185C0ED123AB1DFC001723F9 /* Human.swift in Sources */,
			);
			runOnlyForDeploymentPostprocessing = 0;
		};
/* End PBXSourcesBuildPhase section */

/* Begin PBXTargetDependency section */
		185C0EC923AB1DE7001723F9 /* PBXTargetDependency */ = {
			isa = PBXTargetDependency;
			target = 185C0EC223AB1DE7001723F9 /* OtherTarget */;
			targetProxy = 185C0EC823AB1DE7001723F9 /* PBXContainerItemProxy */;
		};
/* End PBXTargetDependency section */

/* Begin PBXVariantGroup section */
		185C0EB023AB1D57001723F9 /* Main.storyboard */ = {
			isa = PBXVariantGroup;
			children = (
				185C0EB123AB1D57001723F9 /* Base */,
			);
			name = Main.storyboard;
			sourceTree = "<group>";
		};
		185C0EB523AB1D5C001723F9 /* LaunchScreen.storyboard */ = {
			isa = PBXVariantGroup;
			children = (
				185C0EB623AB1D5C001723F9 /* Base */,
			);
			name = LaunchScreen.storyboard;
			sourceTree = "<group>";
		};
/* End PBXVariantGroup section */

/* Begin XCBuildConfiguration section */
		185C0EB923AB1D5C001723F9 /* Debug */ = {
			isa = XCBuildConfiguration;
			buildSettings = {
				ALWAYS_SEARCH_USER_PATHS = NO;
				CLANG_ANALYZER_NONNULL = YES;
				CLANG_ANALYZER_NUMBER_OBJECT_CONVERSION = YES_AGGRESSIVE;
				CLANG_CXX_LANGUAGE_STANDARD = "gnu++14";
				CLANG_CXX_LIBRARY = "libc++";
				CLANG_ENABLE_MODULES = YES;
				CLANG_ENABLE_OBJC_ARC = YES;
				CLANG_ENABLE_OBJC_WEAK = YES;
				CLANG_WARN_BLOCK_CAPTURE_AUTORELEASING = YES;
				CLANG_WARN_BOOL_CONVERSION = YES;
				CLANG_WARN_COMMA = YES;
				CLANG_WARN_CONSTANT_CONVERSION = YES;
				CLANG_WARN_DEPRECATED_OBJC_IMPLEMENTATIONS = YES;
				CLANG_WARN_DIRECT_OBJC_ISA_USAGE = YES_ERROR;
				CLANG_WARN_DOCUMENTATION_COMMENTS = YES;
				CLANG_WARN_EMPTY_BODY = YES;
				CLANG_WARN_ENUM_CONVERSION = YES;
				CLANG_WARN_INFINITE_RECURSION = YES;
				CLANG_WARN_INT_CONVERSION = YES;
				CLANG_WARN_NON_LITERAL_NULL_CONVERSION = YES;
				CLANG_WARN_OBJC_IMPLICIT_RETAIN_SELF = YES;
				CLANG_WARN_OBJC_LITERAL_CONVERSION = YES;
				CLANG_WARN_OBJC_ROOT_CLASS = YES_ERROR;
				CLANG_WARN_RANGE_LOOP_ANALYSIS = YES;
				CLANG_WARN_STRICT_PROTOTYPES = YES;
				CLANG_WARN_SUSPICIOUS_MOVE = YES;
				CLANG_WARN_UNGUARDED_AVAILABILITY = YES_AGGRESSIVE;
				CLANG_WARN_UNREACHABLE_CODE = YES;
				CLANG_WARN__DUPLICATE_METHOD_MATCH = YES;
				COPY_PHASE_STRIP = NO;
				DEBUG_INFORMATION_FORMAT = dwarf;
				ENABLE_STRICT_OBJC_MSGSEND = YES;
				ENABLE_TESTABILITY = YES;
				GCC_C_LANGUAGE_STANDARD = gnu11;
				GCC_DYNAMIC_NO_PIC = NO;
				GCC_NO_COMMON_BLOCKS = YES;
				GCC_OPTIMIZATION_LEVEL = 0;
				GCC_PREPROCESSOR_DEFINITIONS = (
					"DEBUG=1",
					"$(inherited)",
				);
				GCC_WARN_64_TO_32_BIT_CONVERSION = YES;
				GCC_WARN_ABOUT_RETURN_TYPE = YES_ERROR;
				GCC_WARN_UNDECLARED_SELECTOR = YES;
				GCC_WARN_UNINITIALIZED_AUTOS = YES_AGGRESSIVE;
				GCC_WARN_UNUSED_FUNCTION = YES;
				GCC_WARN_UNUSED_VARIABLE = YES;
				IPHONEOS_DEPLOYMENT_TARGET = 13.1;
				MTL_ENABLE_DEBUG_INFO = INCLUDE_SOURCE;
				MTL_FAST_MATH = YES;
				ONLY_ACTIVE_ARCH = YES;
				SDKROOT = iphoneos;
				SWIFT_ACTIVE_COMPILATION_CONDITIONS = DEBUG;
				SWIFT_OPTIMIZATION_LEVEL = "-Onone";
			};
			name = Debug;
		};
		185C0EBA23AB1D5C001723F9 /* Release */ = {
			isa = XCBuildConfiguration;
			buildSettings = {
				ALWAYS_SEARCH_USER_PATHS = NO;
				CLANG_ANALYZER_NONNULL = YES;
				CLANG_ANALYZER_NUMBER_OBJECT_CONVERSION = YES_AGGRESSIVE;
				CLANG_CXX_LANGUAGE_STANDARD = "gnu++14";
				CLANG_CXX_LIBRARY = "libc++";
				CLANG_ENABLE_MODULES = YES;
				CLANG_ENABLE_OBJC_ARC = YES;
				CLANG_ENABLE_OBJC_WEAK = YES;
				CLANG_WARN_BLOCK_CAPTURE_AUTORELEASING = YES;
				CLANG_WARN_BOOL_CONVERSION = YES;
				CLANG_WARN_COMMA = YES;
				CLANG_WARN_CONSTANT_CONVERSION = YES;
				CLANG_WARN_DEPRECATED_OBJC_IMPLEMENTATIONS = YES;
				CLANG_WARN_DIRECT_OBJC_ISA_USAGE = YES_ERROR;
				CLANG_WARN_DOCUMENTATION_COMMENTS = YES;
				CLANG_WARN_EMPTY_BODY = YES;
				CLANG_WARN_ENUM_CONVERSION = YES;
				CLANG_WARN_INFINITE_RECURSION = YES;
				CLANG_WARN_INT_CONVERSION = YES;
				CLANG_WARN_NON_LITERAL_NULL_CONVERSION = YES;
				CLANG_WARN_OBJC_IMPLICIT_RETAIN_SELF = YES;
				CLANG_WARN_OBJC_LITERAL_CONVERSION = YES;
				CLANG_WARN_OBJC_ROOT_CLASS = YES_ERROR;
				CLANG_WARN_RANGE_LOOP_ANALYSIS = YES;
				CLANG_WARN_STRICT_PROTOTYPES = YES;
				CLANG_WARN_SUSPICIOUS_MOVE = YES;
				CLANG_WARN_UNGUARDED_AVAILABILITY = YES_AGGRESSIVE;
				CLANG_WARN_UNREACHABLE_CODE = YES;
				CLANG_WARN__DUPLICATE_METHOD_MATCH = YES;
				COPY_PHASE_STRIP = NO;
				DEBUG_INFORMATION_FORMAT = "dwarf-with-dsym";
				ENABLE_NS_ASSERTIONS = NO;
				ENABLE_STRICT_OBJC_MSGSEND = YES;
				GCC_C_LANGUAGE_STANDARD = gnu11;
				GCC_NO_COMMON_BLOCKS = YES;
				GCC_WARN_64_TO_32_BIT_CONVERSION = YES;
				GCC_WARN_ABOUT_RETURN_TYPE = YES_ERROR;
				GCC_WARN_UNDECLARED_SELECTOR = YES;
				GCC_WARN_UNINITIALIZED_AUTOS = YES_AGGRESSIVE;
				GCC_WARN_UNUSED_FUNCTION = YES;
				GCC_WARN_UNUSED_VARIABLE = YES;
				IPHONEOS_DEPLOYMENT_TARGET = 13.1;
				MTL_ENABLE_DEBUG_INFO = NO;
				MTL_FAST_MATH = YES;
				SDKROOT = iphoneos;
				SWIFT_COMPILATION_MODE = wholemodule;
				SWIFT_OPTIMIZATION_LEVEL = "-O";
				VALIDATE_PRODUCT = YES;
			};
			name = Release;
		};
		185C0EBC23AB1D5C001723F9 /* Debug */ = {
			isa = XCBuildConfiguration;
			buildSettings = {
				ALWAYS_EMBED_SWIFT_STANDARD_LIBRARIES = YES;
				ASSETCATALOG_COMPILER_APPICON_NAME = AppIcon;
				CODE_SIGN_STYLE = Automatic;
				DEVELOPMENT_TEAM = 4J473YW9HY;
				INFOPLIST_FILE = swiftOther/Info.plist;
				LD_RUNPATH_SEARCH_PATHS = (
					"$(inherited)",
					"@executable_path/Frameworks",
				);
				PRODUCT_BUNDLE_IDENTIFIER = me.xpher.swiftOther;
				PRODUCT_NAME = "$(TARGET_NAME)";
				SWIFT_VERSION = 5.0;
				TARGETED_DEVICE_FAMILY = "1,2";
			};
			name = Debug;
		};
		185C0EBD23AB1D5C001723F9 /* Release */ = {
			isa = XCBuildConfiguration;
			buildSettings = {
				ALWAYS_EMBED_SWIFT_STANDARD_LIBRARIES = YES;
				ASSETCATALOG_COMPILER_APPICON_NAME = AppIcon;
				CODE_SIGN_STYLE = Automatic;
				DEVELOPMENT_TEAM = 4J473YW9HY;
				INFOPLIST_FILE = swiftOther/Info.plist;
				LD_RUNPATH_SEARCH_PATHS = (
					"$(inherited)",
					"@executable_path/Frameworks",
				);
				PRODUCT_BUNDLE_IDENTIFIER = me.xpher.swiftOther;
				PRODUCT_NAME = "$(TARGET_NAME)";
				SWIFT_VERSION = 5.0;
				TARGETED_DEVICE_FAMILY = "1,2";
			};
			name = Release;
		};
		185C0ECD23AB1DE7001723F9 /* Debug */ = {
			isa = XCBuildConfiguration;
			buildSettings = {
				CLANG_ENABLE_MODULES = YES;
				CODE_SIGN_STYLE = Automatic;
				CURRENT_PROJECT_VERSION = 1;
				DEFINES_MODULE = YES;
				DEVELOPMENT_TEAM = 4J473YW9HY;
				DYLIB_COMPATIBILITY_VERSION = 1;
				DYLIB_CURRENT_VERSION = 1;
				DYLIB_INSTALL_NAME_BASE = "@rpath";
				INFOPLIST_FILE = OtherTarget/Info.plist;
				INSTALL_PATH = "$(LOCAL_LIBRARY_DIR)/Frameworks";
				LD_RUNPATH_SEARCH_PATHS = (
					"$(inherited)",
					"@executable_path/Frameworks",
					"@loader_path/Frameworks",
				);
				PRODUCT_BUNDLE_IDENTIFIER = me.xpher.OtherTarget;
				PRODUCT_NAME = "$(TARGET_NAME:c99extidentifier)";
				SKIP_INSTALL = YES;
				SWIFT_OPTIMIZATION_LEVEL = "-Onone";
				SWIFT_VERSION = 5.0;
				TARGETED_DEVICE_FAMILY = "1,2";
				VERSIONING_SYSTEM = "apple-generic";
				VERSION_INFO_PREFIX = "";
			};
			name = Debug;
		};
		185C0ECE23AB1DE7001723F9 /* Release */ = {
			isa = XCBuildConfiguration;
			buildSettings = {
				CLANG_ENABLE_MODULES = YES;
				CODE_SIGN_STYLE = Automatic;
				CURRENT_PROJECT_VERSION = 1;
				DEFINES_MODULE = YES;
				DEVELOPMENT_TEAM = 4J473YW9HY;
				DYLIB_COMPATIBILITY_VERSION = 1;
				DYLIB_CURRENT_VERSION = 1;
				DYLIB_INSTALL_NAME_BASE = "@rpath";
				INFOPLIST_FILE = OtherTarget/Info.plist;
				INSTALL_PATH = "$(LOCAL_LIBRARY_DIR)/Frameworks";
				LD_RUNPATH_SEARCH_PATHS = (
					"$(inherited)",
					"@executable_path/Frameworks",
					"@loader_path/Frameworks",
				);
				PRODUCT_BUNDLE_IDENTIFIER = me.xpher.OtherTarget;
				PRODUCT_NAME = "$(TARGET_NAME:c99extidentifier)";
				SKIP_INSTALL = YES;
				SWIFT_VERSION = 5.0;
				TARGETED_DEVICE_FAMILY = "1,2";
				VERSIONING_SYSTEM = "apple-generic";
				VERSION_INFO_PREFIX = "";
			};
			name = Release;
		};
/* End XCBuildConfiguration section */

/* Begin XCConfigurationList section */
		185C0EA223AB1D57001723F9 /* Build configuration list for PBXProject "swiftOther" */ = {
			isa = XCConfigurationList;
			buildConfigurations = (
				185C0EB923AB1D5C001723F9 /* Debug */,
				185C0EBA23AB1D5C001723F9 /* Release */,
			);
			defaultConfigurationIsVisible = 0;
			defaultConfigurationName = Release;
		};
		185C0EBB23AB1D5C001723F9 /* Build configuration list for PBXNativeTarget "swiftOther" */ = {
			isa = XCConfigurationList;
			buildConfigurations = (
				185C0EBC23AB1D5C001723F9 /* Debug */,
				185C0EBD23AB1D5C001723F9 /* Release */,
			);
			defaultConfigurationIsVisible = 0;
			defaultConfigurationName = Release;
		};
		185C0ECC23AB1DE7001723F9 /* Build configuration list for PBXNativeTarget "OtherTarget" */ = {
			isa = XCConfigurationList;
			buildConfigurations = (
				185C0ECD23AB1DE7001723F9 /* Debug */,
				185C0ECE23AB1DE7001723F9 /* Release */,
			);
			defaultConfigurationIsVisible = 0;
			defaultConfigurationName = Release;
		};
/* End XCConfigurationList section */
	};
	rootObject = 185C0E9F23AB1D57001723F9 /* Project object */;
}
